
Microsoft Visual Studio Solution File, Format Version 12.00
# Visual Studio Version 17
VisualStudioVersion = 17.8.34316.72
MinimumVisualStudioVersion = 10.0.40219.1
Project("{FAE04EC0-301F-11D3-BF4B-00C04F79EFBC}") = "Chef tracker", "Chef tracker.csproj", "{B91076A3-42B3-44AB-A08A-83F7BD5824BA}"
EndProject
Global
	GlobalSection(SolutionConfigurationPlatforms) = preSolution
		Debug|Any CPU = Debug|Any CPU
		Release|Any CPU = Release|Any CPU
	EndGlobalSection
	GlobalSection(ProjectConfigurationPlatforms) = postSolution
		{B91076A3-42B3-44AB-A08A-83F7BD5824BA}.Debug|Any CPU.ActiveCfg = Debug|Any CPU
		{B91076A3-42B3-44AB-A08A-83F7BD5824BA}.Debug|Any CPU.Build.0 = Debug|Any CPU
		{B91076A3-42B3-44AB-A08A-83F7BD5824BA}.Release|Any CPU.ActiveCfg = Release|Any CPU
		{B91076A3-42B3-44AB-A08A-83F7BD5824BA}.Release|Any CPU.Build.0 = Release|Any CPU
	EndGlobalSection
	GlobalSection(SolutionProperties) = preSolution
		HideSolutionNode = FALSE
	EndGlobalSection
	GlobalSection(ExtensibilityGlobals) = postSolution
		SolutionGuid = {35EB9839-1531-4DC4-BFA4-4613D94C1244}
	EndGlobalSection
EndGlobal
